
Microsoft Visual Studio Solution File, Format Version 12.00
# Visual Studio Version 16
VisualStudioVersion = 16.0.31112.23
MinimumVisualStudioVersion = 10.0.40219.1
Project("{FAE04EC0-301F-11D3-BF4B-00C04F79EFBC}") = "Core_BlogPR", "Core_BlogPR\Core_BlogPR.csproj", "{4FA46E33-749D-4DA3-A975-546CAFAB589F}"
EndProject
Project("{FAE04EC0-301F-11D3-BF4B-00C04F79EFBC}") = "EntityLayer", "EntityLayer\EntityLayer.csproj", "{15A82002-FA23-4D21-9A20-81E21CA1EA60}"
EndProject
Project("{FAE04EC0-301F-11D3-BF4B-00C04F79EFBC}") = "DataAccessLayer", "DataAccessLayer\DataAccessLayer.csproj", "{C8082AC3-7788-4203-878C-DEE9DE328FB4}"
EndProject
Project("{FAE04EC0-301F-11D3-BF4B-00C04F79EFBC}") = "BusinessLayer", "BusinessLayer\BusinessLayer.csproj", "{049E2437-9D58-430D-8092-E9B4B1DDE898}"
EndProject
Project("{FAE04EC0-301F-11D3-BF4B-00C04F79EFBC}") = "CoreLayer", "CoreLayer\CoreLayer.csproj", "{DA428170-CB5D-4717-9201-3EBE54F225CA}"
EndProject
Global
	GlobalSection(SolutionConfigurationPlatforms) = preSolution
		Debug|Any CPU = Debug|Any CPU
		Release|Any CPU = Release|Any CPU
	EndGlobalSection
	GlobalSection(ProjectConfigurationPlatforms) = postSolution
		{4FA46E33-749D-4DA3-A975-546CAFAB589F}.Debug|Any CPU.ActiveCfg = Debug|Any CPU
		{4FA46E33-749D-4DA3-A975-546CAFAB589F}.Debug|Any CPU.Build.0 = Debug|Any CPU
		{4FA46E33-749D-4DA3-A975-546CAFAB589F}.Release|Any CPU.ActiveCfg = Release|Any CPU
		{4FA46E33-749D-4DA3-A975-546CAFAB589F}.Release|Any CPU.Build.0 = Release|Any CPU
		{15A82002-FA23-4D21-9A20-81E21CA1EA60}.Debug|Any CPU.ActiveCfg = Debug|Any CPU
		{15A82002-FA23-4D21-9A20-81E21CA1EA60}.Debug|Any CPU.Build.0 = Debug|Any CPU
		{15A82002-FA23-4D21-9A20-81E21CA1EA60}.Release|Any CPU.ActiveCfg = Release|Any CPU
		{15A82002-FA23-4D21-9A20-81E21CA1EA60}.Release|Any CPU.Build.0 = Release|Any CPU
		{C8082AC3-7788-4203-878C-DEE9DE328FB4}.Debug|Any CPU.ActiveCfg = Debug|Any CPU
		{C8082AC3-7788-4203-878C-DEE9DE328FB4}.Debug|Any CPU.Build.0 = Debug|Any CPU
		{C8082AC3-7788-4203-878C-DEE9DE328FB4}.Release|Any CPU.ActiveCfg = Release|Any CPU
		{C8082AC3-7788-4203-878C-DEE9DE328FB4}.Release|Any CPU.Build.0 = Release|Any CPU
		{049E2437-9D58-430D-8092-E9B4B1DDE898}.Debug|Any CPU.ActiveCfg = Debug|Any CPU
		{049E2437-9D58-430D-8092-E9B4B1DDE898}.Debug|Any CPU.Build.0 = Debug|Any CPU
		{049E2437-9D58-430D-8092-E9B4B1DDE898}.Release|Any CPU.ActiveCfg = Release|Any CPU
		{049E2437-9D58-430D-8092-E9B4B1DDE898}.Release|Any CPU.Build.0 = Release|Any CPU
		{DA428170-CB5D-4717-9201-3EBE54F225CA}.Debug|Any CPU.ActiveCfg = Debug|Any CPU
		{DA428170-CB5D-4717-9201-3EBE54F225CA}.Debug|Any CPU.Build.0 = Debug|Any CPU
		{DA428170-CB5D-4717-9201-3EBE54F225CA}.Release|Any CPU.ActiveCfg = Release|Any CPU
		{DA428170-CB5D-4717-9201-3EBE54F225CA}.Release|Any CPU.Build.0 = Release|Any CPU
	EndGlobalSection
	GlobalSection(SolutionProperties) = preSolution
		HideSolutionNode = FALSE
	EndGlobalSection
	GlobalSection(ExtensibilityGlobals) = postSolution
		SolutionGuid = {8A8FBF2A-3F16-4899-A619-E2E3C79B29AB}
	EndGlobalSection
EndGlobal
